
Microsoft Visual Studio Solution File, Format Version 12.00
# Visual Studio Version 17
VisualStudioVersion = 17.10.35013.160
MinimumVisualStudioVersion = 10.0.40219.1
Project("{FAE04EC0-301F-11D3-BF4B-00C04F79EFBC}") = "Dichvutuvan", "Dichvutuvan.csproj", "{B798BE0D-5DB4-4B42-B4F8-87A107093D8E}"
EndProject
Global
	GlobalSection(SolutionConfigurationPlatforms) = preSolution
		Debug|Any CPU = Debug|Any CPU
		Release|Any CPU = Release|Any CPU
	EndGlobalSection
	GlobalSection(ProjectConfigurationPlatforms) = postSolution
		{B798BE0D-5DB4-4B42-B4F8-87A107093D8E}.Debug|Any CPU.ActiveCfg = Debug|Any CPU
		{B798BE0D-5DB4-4B42-B4F8-87A107093D8E}.Debug|Any CPU.Build.0 = Debug|Any CPU
		{B798BE0D-5DB4-4B42-B4F8-87A107093D8E}.Release|Any CPU.ActiveCfg = Release|Any CPU
		{B798BE0D-5DB4-4B42-B4F8-87A107093D8E}.Release|Any CPU.Build.0 = Release|Any CPU
	EndGlobalSection
	GlobalSection(SolutionProperties) = preSolution
		HideSolutionNode = FALSE
	EndGlobalSection
	GlobalSection(ExtensibilityGlobals) = postSolution
		SolutionGuid = {1F149212-359B-4D88-85B7-63CF8AD3A2F3}
	EndGlobalSection
EndGlobal
