
Microsoft Visual Studio Solution File, Format Version 12.00
# Visual Studio Version 17
VisualStudioVersion = 17.11.35312.102
MinimumVisualStudioVersion = 10.0.40219.1
Project("{FAE04EC0-301F-11D3-BF4B-00C04F79EFBC}") = "Thietkephattrien", "Thietkephattrien\Thietkephattrien.csproj", "{E46EFC91-D23F-4A56-B777-2E02EF22FA88}"
EndProject
Global
	GlobalSection(SolutionConfigurationPlatforms) = preSolution
		Debug|Any CPU = Debug|Any CPU
		Release|Any CPU = Release|Any CPU
	EndGlobalSection
	GlobalSection(ProjectConfigurationPlatforms) = postSolution
		{E46EFC91-D23F-4A56-B777-2E02EF22FA88}.Debug|Any CPU.ActiveCfg = Debug|Any CPU
		{E46EFC91-D23F-4A56-B777-2E02EF22FA88}.Debug|Any CPU.Build.0 = Debug|Any CPU
		{E46EFC91-D23F-4A56-B777-2E02EF22FA88}.Release|Any CPU.ActiveCfg = Release|Any CPU
		{E46EFC91-D23F-4A56-B777-2E02EF22FA88}.Release|Any CPU.Build.0 = Release|Any CPU
	EndGlobalSection
	GlobalSection(SolutionProperties) = preSolution
		HideSolutionNode = FALSE
	EndGlobalSection
	GlobalSection(ExtensibilityGlobals) = postSolution
		SolutionGuid = {50DA1487-E344-462D-AEFA-D3422FCF5782}
	EndGlobalSection
EndGlobal
